// !$*UTF8*$!
{
	archiveVersion = 1;
	classes = {
	};
	objectVersion = 48;
	objects = {

/* Begin PBXBuildFile section */
		45EED7391FF67BF0002AE6A4 /* AppDelegate.m in Sources */ = {isa = PBXBuildFile; fileRef = 45EED7381FF67BF0002AE6A4 /* AppDelegate.m */; };
		45EED73C1FF67BF0002AE6A4 /* ViewController.mm in Sources */ = {isa = PBXBuildFile; fileRef = 45EED73B1FF67BF0002AE6A4 /* ViewController.mm */; };
		45EED73F1FF67BF0002AE6A4 /* Main.storyboard in Resources */ = {isa = PBXBuildFile; fileRef = 45EED73D1FF67BF0002AE6A4 /* Main.storyboard */; };
		45EED7411FF67BF0002AE6A4 /* Assets.xcassets in Resources */ = {isa = PBXBuildFile; fileRef = 45EED7401FF67BF0002AE6A4 /* Assets.xcassets */; };
		45EED7441FF67BF0002AE6A4 /* LaunchScreen.storyboard in Resources */ = {isa = PBXBuildFile; fileRef = 45EED7421FF67BF0002AE6A4 /* LaunchScreen.storyboard */; };
		45EED7471FF67BF0002AE6A4 /* main.m in Sources */ = {isa = PBXBuildFile; fileRef = 45EED7461FF67BF0002AE6A4 /* main.m */; };
		45EED7511FF67BF0002AE6A4 /* VectorTests.m in Sources */ = {isa = PBXBuildFile; fileRef = 45EED7501FF67BF0002AE6A4 /* VectorTests.m */; };
		45EED75C1FF67BF0002AE6A4 /* VectorUITests.m in Sources */ = {isa = PBXBuildFile; fileRef = 45EED75B1FF67BF0002AE6A4 /* VectorUITests.m */; };
		45EED76B1FF67C19002AE6A4 /* VectorTest.cpp in Sources */ = {isa = PBXBuildFile; fileRef = 45EED7691FF67C19002AE6A4 /* VectorTest.cpp */; };
/* End PBXBuildFile section */

/* Begin PBXContainerItemProxy section */
		45EED74D1FF67BF0002AE6A4 /* PBXContainerItemProxy */ = {
			isa = PBXContainerItemProxy;
			containerPortal = 45EED72C1FF67BF0002AE6A4 /* Project object */;
			proxyType = 1;
			remoteGlobalIDString = 45EED7331FF67BF0002AE6A4;
			remoteInfo = Vector;
		};
		45EED7581FF67BF0002AE6A4 /* PBXContainerItemProxy */ = {
			isa = PBXContainerItemProxy;
			containerPortal = 45EED72C1FF67BF0002AE6A4 /* Project object */;
			proxyType = 1;
			remoteGlobalIDString = 45EED7331FF67BF0002AE6A4;
			remoteInfo = Vector;
		};
/* End PBXContainerItemProxy section */

/* Begin PBXFileReference section */
		45EED7341FF67BF0002AE6A4 /* Vector.app */ = {isa = PBXFileReference; explicitFileType = wrapper.application; includeInIndex = 0; path = Vector.app; sourceTree = BUILT_PRODUCTS_DIR; };
		45EED7371FF67BF0002AE6A4 /* AppDelegate.h */ = {isa = PBXFileReference; lastKnownFileType = sourcecode.c.h; path = AppDelegate.h; sourceTree = "<group>"; };
		45EED7381FF67BF0002AE6A4 /* AppDelegate.m */ = {isa = PBXFileReference; lastKnownFileType = sourcecode.c.objc; path = AppDelegate.m; sourceTree = "<group>"; };
		45EED73A1FF67BF0002AE6A4 /* ViewController.h */ = {isa = PBXFileReference; lastKnownFileType = sourcecode.c.h; path = ViewController.h; sourceTree = "<group>"; };
		45EED73B1FF67BF0002AE6A4 /* ViewController.mm */ = {isa = PBXFileReference; lastKnownFileType = sourcecode.cpp.objcpp; path = ViewController.mm; sourceTree = "<group>"; };
		45EED73E1FF67BF0002AE6A4 /* Base */ = {isa = PBXFileReference; lastKnownFileType = file.storyboard; name = Base; path = Base.lproj/Main.storyboard; sourceTree = "<group>"; };
		45EED7401FF67BF0002AE6A4 /* Assets.xcassets */ = {isa = PBXFileReference; lastKnownFileType = folder.assetcatalog; path = Assets.xcassets; sourceTree = "<group>"; };
		45EED7431FF67BF0002AE6A4 /* Base */ = {isa = PBXFileReference; lastKnownFileType = file.storyboard; name = Base; path = Base.lproj/LaunchScreen.storyboard; sourceTree = "<group>"; };
		45EED7451FF67BF0002AE6A4 /* Info.plist */ = {isa = PBXFileReference; lastKnownFileType = text.plist.xml; path = Info.plist; sourceTree = "<group>"; };
		45EED7461FF67BF0002AE6A4 /* main.m */ = {isa = PBXFileReference; lastKnownFileType = sourcecode.c.objc; path = main.m; sourceTree = "<group>"; };
		45EED74C1FF67BF0002AE6A4 /* VectorTests.xctest */ = {isa = PBXFileReference; explicitFileType = wrapper.cfbundle; includeInIndex = 0; path = VectorTests.xctest; sourceTree = BUILT_PRODUCTS_DIR; };
		45EED7501FF67BF0002AE6A4 /* VectorTests.m */ = {isa = PBXFileReference; lastKnownFileType = sourcecode.c.objc; path = VectorTests.m; sourceTree = "<group>"; };
		45EED7521FF67BF0002AE6A4 /* Info.plist */ = {isa = PBXFileReference; lastKnownFileType = text.plist.xml; path = Info.plist; sourceTree = "<group>"; };
		45EED7571FF67BF0002AE6A4 /* VectorUITests.xctest */ = {isa = PBXFileReference; explicitFileType = wrapper.cfbundle; includeInIndex = 0; path = VectorUITests.xctest; sourceTree = BUILT_PRODUCTS_DIR; };
		45EED75B1FF67BF0002AE6A4 /* VectorUITests.m */ = {isa = PBXFileReference; lastKnownFileType = sourcecode.c.objc; path = VectorUITests.m; sourceTree = "<group>"; };
		45EED75D1FF67BF0002AE6A4 /* Info.plist */ = {isa = PBXFileReference; lastKnownFileType = text.plist.xml; path = Info.plist; sourceTree = "<group>"; };
		45EED7691FF67C19002AE6A4 /* VectorTest.cpp */ = {isa = PBXFileReference; lastKnownFileType = sourcecode.cpp.cpp; path = VectorTest.cpp; sourceTree = "<group>"; };
		45EED76A1FF67C19002AE6A4 /* VectorTest.hpp */ = {isa = PBXFileReference; lastKnownFileType = sourcecode.cpp.h; path = VectorTest.hpp; sourceTree = "<group>"; };
/* End PBXFileReference section */

/* Begin PBXFrameworksBuildPhase section */
		45EED7311FF67BF0002AE6A4 /* Frameworks */ = {
			isa = PBXFrameworksBuildPhase;
			buildActionMask = 2147483647;
			files = (
			);
			runOnlyForDeploymentPostprocessing = 0;
		};
		45EED7491FF67BF0002AE6A4 /* Frameworks */ = {
			isa = PBXFrameworksBuildPhase;
			buildActionMask = 2147483647;
			files = (
			);
			runOnlyForDeploymentPostprocessing = 0;
		};
		45EED7541FF67BF0002AE6A4 /* Frameworks */ = {
			isa = PBXFrameworksBuildPhase;
			buildActionMask = 2147483647;
			files = (
			);
			runOnlyForDeploymentPostprocessing = 0;
		};
/* End PBXFrameworksBuildPhase section */

/* Begin PBXGroup section */
		45EED72B1FF67BF0002AE6A4 = {
			isa = PBXGroup;
			children = (
				45EED7361FF67BF0002AE6A4 /* Vector */,
				45EED74F1FF67BF0002AE6A4 /* VectorTests */,
				45EED75A1FF67BF0002AE6A4 /* VectorUITests */,
				45EED7351FF67BF0002AE6A4 /* Products */,
			);
			sourceTree = "<group>";
		};
		45EED7351FF67BF0002AE6A4 /* Products */ = {
			isa = PBXGroup;
			children = (
				45EED7341FF67BF0002AE6A4 /* Vector.app */,
				45EED74C1FF67BF0002AE6A4 /* VectorTests.xctest */,
				45EED7571FF67BF0002AE6A4 /* VectorUITests.xctest */,
			);
			name = Products;
			sourceTree = "<group>";
		};
		45EED7361FF67BF0002AE6A4 /* Vector */ = {
			isa = PBXGroup;
			children = (
				45EED76C1FF68362002AE6A4 /* VectorTest */,
				45EED7371FF67BF0002AE6A4 /* AppDelegate.h */,
				45EED7381FF67BF0002AE6A4 /* AppDelegate.m */,
				45EED73A1FF67BF0002AE6A4 /* ViewController.h */,
				45EED73B1FF67BF0002AE6A4 /* ViewController.mm */,
				45EED73D1FF67BF0002AE6A4 /* Main.storyboard */,
				45EED7401FF67BF0002AE6A4 /* Assets.xcassets */,
				45EED7421FF67BF0002AE6A4 /* LaunchScreen.storyboard */,
				45EED7451FF67BF0002AE6A4 /* Info.plist */,
				45EED7461FF67BF0002AE6A4 /* main.m */,
			);
			path = Vector;
			sourceTree = "<group>";
		};
		45EED74F1FF67BF0002AE6A4 /* VectorTests */ = {
			isa = PBXGroup;
			children = (
				45EED7501FF67BF0002AE6A4 /* VectorTests.m */,
				45EED7521FF67BF0002AE6A4 /* Info.plist */,
			);
			path = VectorTests;
			sourceTree = "<group>";
		};
		45EED75A1FF67BF0002AE6A4 /* VectorUITests */ = {
			isa = PBXGroup;
			children = (
				45EED75B1FF67BF0002AE6A4 /* VectorUITests.m */,
				45EED75D1FF67BF0002AE6A4 /* Info.plist */,
			);
			path = VectorUITests;
			sourceTree = "<group>";
		};
		45EED76C1FF68362002AE6A4 /* VectorTest */ = {
			isa = PBXGroup;
			children = (
				45EED7691FF67C19002AE6A4 /* VectorTest.cpp */,
				45EED76A1FF67C19002AE6A4 /* VectorTest.hpp */,
			);
			path = VectorTest;
			sourceTree = "<group>";
		};
/* End PBXGroup section */

/* Begin PBXNativeTarget section */
		45EED7331FF67BF0002AE6A4 /* Vector */ = {
			isa = PBXNativeTarget;
			buildConfigurationList = 45EED7601FF67BF0002AE6A4 /* Build configuration list for PBXNativeTarget "Vector" */;
			buildPhases = (
				45EED7301FF67BF0002AE6A4 /* Sources */,
				45EED7311FF67BF0002AE6A4 /* Frameworks */,
				45EED7321FF67BF0002AE6A4 /* Resources */,
			);
			buildRules = (
			);
			dependencies = (
			);
			name = Vector;
			productName = Vector;
			productReference = 45EED7341FF67BF0002AE6A4 /* Vector.app */;
			productType = "com.apple.product-type.application";
		};
		45EED74B1FF67BF0002AE6A4 /* VectorTests */ = {
			isa = PBXNativeTarget;
			buildConfigurationList = 45EED7631FF67BF0002AE6A4 /* Build configuration list for PBXNativeTarget "VectorTests" */;
			buildPhases = (
				45EED7481FF67BF0002AE6A4 /* Sources */,
				45EED7491FF67BF0002AE6A4 /* Frameworks */,
				45EED74A1FF67BF0002AE6A4 /* Resources */,
			);
			buildRules = (
			);
			dependencies = (
				45EED74E1FF67BF0002AE6A4 /* PBXTargetDependency */,
			);
			name = VectorTests;
			productName = VectorTests;
			productReference = 45EED74C1FF67BF0002AE6A4 /* VectorTests.xctest */;
			productType = "com.apple.product-type.bundle.unit-test";
		};
		45EED7561FF67BF0002AE6A4 /* VectorUITests */ = {
			isa = PBXNativeTarget;
			buildConfigurationList = 45EED7661FF67BF0002AE6A4 /* Build configuration list for PBXNativeTarget "VectorUITests" */;
			buildPhases = (
				45EED7531FF67BF0002AE6A4 /* Sources */,
				45EED7541FF67BF0002AE6A4 /* Frameworks */,
				45EED7551FF67BF0002AE6A4 /* Resources */,
			);
			buildRules = (
			);
			dependencies = (
				45EED7591FF67BF0002AE6A4 /* PBXTargetDependency */,
			);
			name = VectorUITests;
			productName = VectorUITests;
			productReference = 45EED7571FF67BF0002AE6A4 /* VectorUITests.xctest */;
			productType = "com.apple.product-type.bundle.ui-testing";
		};
/* End PBXNativeTarget section */

/* Begin PBXProject section */
		45EED72C1FF67BF0002AE6A4 /* Project object */ = {
			isa = PBXProject;
			attributes = {
				LastUpgradeCheck = 0920;
				ORGANIZATIONNAME = "杨森";
				TargetAttributes = {
					45EED7331FF67BF0002AE6A4 = {
						CreatedOnToolsVersion = 9.2;
						ProvisioningStyle = Automatic;
					};
					45EED74B1FF67BF0002AE6A4 = {
						CreatedOnToolsVersion = 9.2;
						ProvisioningStyle = Automatic;
						TestTargetID = 45EED7331FF67BF0002AE6A4;
					};
					45EED7561FF67BF0002AE6A4 = {
						CreatedOnToolsVersion = 9.2;
						ProvisioningStyle = Automatic;
						TestTargetID = 45EED7331FF67BF0002AE6A4;
					};
				};
			};
			buildConfigurationList = 45EED72F1FF67BF0002AE6A4 /* Build configuration list for PBXProject "Vector" */;
			compatibilityVersion = "Xcode 8.0";
			developmentRegion = en;
			hasScannedForEncodings = 0;
			knownRegions = (
				en,
				Base,
			);
			mainGroup = 45EED72B1FF67BF0002AE6A4;
			productRefGroup = 45EED7351FF67BF0002AE6A4 /* Products */;
			projectDirPath = "";
			projectRoot = "";
			targets = (
				45EED7331FF67BF0002AE6A4 /* Vector */,
				45EED74B1FF67BF0002AE6A4 /* VectorTests */,
				45EED7561FF67BF0002AE6A4 /* VectorUITests */,
			);
		};
/* End PBXProject section */

/* Begin PBXResourcesBuildPhase section */
		45EED7321FF67BF0002AE6A4 /* Resources */ = {
			isa = PBXResourcesBuildPhase;
			buildActionMask = 2147483647;
			files = (
				45EED7441FF67BF0002AE6A4 /* LaunchScreen.storyboard in Resources */,
				45EED7411FF67BF0002AE6A4 /* Assets.xcassets in Resources */,
				45EED73F1FF67BF0002AE6A4 /* Main.storyboard in Resources */,
			);
			runOnlyForDeploymentPostprocessing = 0;
		};
		45EED74A1FF67BF0002AE6A4 /* Resources */ = {
			isa = PBXResourcesBuildPhase;
			buildActionMask = 2147483647;
			files = (
			);
			runOnlyForDeploymentPostprocessing = 0;
		};
		45EED7551FF67BF0002AE6A4 /* Resources */ = {
			isa = PBXResourcesBuildPhase;
			buildActionMask = 2147483647;
			files = (
			);
			runOnlyForDeploymentPostprocessing = 0;
		};
/* End PBXResourcesBuildPhase section */

/* Begin PBXSourcesBuildPhase section */
		45EED7301FF67BF0002AE6A4 /* Sources */ = {
			isa = PBXSourcesBuildPhase;
			buildActionMask = 2147483647;
			files = (
				45EED73C1FF67BF0002AE6A4 /* ViewController.mm in Sources */,
				45EED7471FF67BF0002AE6A4 /* main.m in Sources */,
				45EED76B1FF67C19002AE6A4 /* VectorTest.cpp in Sources */,
				45EED7391FF67BF0002AE6A4 /* AppDelegate.m in Sources */,
			);
			runOnlyForDeploymentPostprocessing = 0;
		};
		45EED7481FF67BF0002AE6A4 /* Sources */ = {
			isa = PBXSourcesBuildPhase;
			buildActionMask = 2147483647;
			files = (
				45EED7511FF67BF0002AE6A4 /* VectorTests.m in Sources */,
			);
			runOnlyForDeploymentPostprocessing = 0;
		};
		45EED7531FF67BF0002AE6A4 /* Sources */ = {
			isa = PBXSourcesBuildPhase;
			buildActionMask = 2147483647;
			files = (
				45EED75C1FF67BF0002AE6A4 /* VectorUITests.m in Sources */,
			);
			runOnlyForDeploymentPostprocessing = 0;
		};
/* End PBXSourcesBuildPhase section */

/* Begin PBXTargetDependency section */
		45EED74E1FF67BF0002AE6A4 /* PBXTargetDependency */ = {
			isa = PBXTargetDependency;
			target = 45EED7331FF67BF0002AE6A4 /* Vector */;
			targetProxy = 45EED74D1FF67BF0002AE6A4 /* PBXContainerItemProxy */;
		};
		45EED7591FF67BF0002AE6A4 /* PBXTargetDependency */ = {
			isa = PBXTargetDependency;
			target = 45EED7331FF67BF0002AE6A4 /* Vector */;
			targetProxy = 45EED7581FF67BF0002AE6A4 /* PBXContainerItemProxy */;
		};
/* End PBXTargetDependency section */

/* Begin PBXVariantGroup section */
		45EED73D1FF67BF0002AE6A4 /* Main.storyboard */ = {
			isa = PBXVariantGroup;
			children = (
				45EED73E1FF67BF0002AE6A4 /* Base */,
			);
			name = Main.storyboard;
			sourceTree = "<group>";
		};
		45EED7421FF67BF0002AE6A4 /* LaunchScreen.storyboard */ = {
			isa = PBXVariantGroup;
			children = (
				45EED7431FF67BF0002AE6A4 /* Base */,
			);
			name = LaunchScreen.storyboard;
			sourceTree = "<group>";
		};
/* End PBXVariantGroup section */

/* Begin XCBuildConfiguration section */
		45EED75E1FF67BF0002AE6A4 /* Debug */ = {
			isa = XCBuildConfiguration;
			buildSettings = {
				ALWAYS_SEARCH_USER_PATHS = NO;
				CLANG_ANALYZER_NONNULL = YES;
				CLANG_ANALYZER_NUMBER_OBJECT_CONVERSION = YES_AGGRESSIVE;
				CLANG_CXX_LANGUAGE_STANDARD = "gnu++14";
				CLANG_CXX_LIBRARY = "libc++";
				CLANG_ENABLE_MODULES = YES;
				CLANG_ENABLE_OBJC_ARC = YES;
				CLANG_WARN_BLOCK_CAPTURE_AUTORELEASING = YES;
				CLANG_WARN_BOOL_CONVERSION = YES;
				CLANG_WARN_COMMA = YES;
				CLANG_WARN_CONSTANT_CONVERSION = YES;
				CLANG_WARN_DIRECT_OBJC_ISA_USAGE = YES_ERROR;
				CLANG_WARN_DOCUMENTATION_COMMENTS = YES;
				CLANG_WARN_EMPTY_BODY = YES;
				CLANG_WARN_ENUM_CONVERSION = YES;
				CLANG_WARN_INFINITE_RECURSION = YES;
				CLANG_WARN_INT_CONVERSION = YES;
				CLANG_WARN_NON_LITERAL_NULL_CONVERSION = YES;
				CLANG_WARN_OBJC_LITERAL_CONVERSION = YES;
				CLANG_WARN_OBJC_ROOT_CLASS = YES_ERROR;
				CLANG_WARN_RANGE_LOOP_ANALYSIS = YES;
				CLANG_WARN_STRICT_PROTOTYPES = YES;
				CLANG_WARN_SUSPICIOUS_MOVE = YES;
				CLANG_WARN_UNGUARDED_AVAILABILITY = YES_AGGRESSIVE;
				CLANG_WARN_UNREACHABLE_CODE = YES;
				CLANG_WARN__DUPLICATE_METHOD_MATCH = YES;
				CODE_SIGN_IDENTITY = "iPhone Developer";
				COPY_PHASE_STRIP = NO;
				DEBUG_INFORMATION_FORMAT = dwarf;
				ENABLE_STRICT_OBJC_MSGSEND = YES;
				ENABLE_TESTABILITY = YES;
				GCC_C_LANGUAGE_STANDARD = gnu11;
				GCC_DYNAMIC_NO_PIC = NO;
				GCC_NO_COMMON_BLOCKS = YES;
				GCC_OPTIMIZATION_LEVEL = 0;
				GCC_PREPROCESSOR_DEFINITIONS = (
					"DEBUG=1",
					"$(inherited)",
				);
				GCC_WARN_64_TO_32_BIT_CONVERSION = YES;
				GCC_WARN_ABOUT_RETURN_TYPE = YES_ERROR;
				GCC_WARN_UNDECLARED_SELECTOR = YES;
				GCC_WARN_UNINITIALIZED_AUTOS = YES_AGGRESSIVE;
				GCC_WARN_UNUSED_FUNCTION = YES;
				GCC_WARN_UNUSED_VARIABLE = YES;
				IPHONEOS_DEPLOYMENT_TARGET = 11.2;
				MTL_ENABLE_DEBUG_INFO = YES;
				ONLY_ACTIVE_ARCH = YES;
				SDKROOT = iphoneos;
			};
			name = Debug;
		};
		45EED75F1FF67BF0002AE6A4 /* Release */ = {
			isa = XCBuildConfiguration;
			buildSettings = {
				ALWAYS_SEARCH_USER_PATHS = NO;
				CLANG_ANALYZER_NONNULL = YES;
				CLANG_ANALYZER_NUMBER_OBJECT_CONVERSION = YES_AGGRESSIVE;
				CLANG_CXX_LANGUAGE_STANDARD = "gnu++14";
				CLANG_CXX_LIBRARY = "libc++";
				CLANG_ENABLE_MODULES = YES;
				CLANG_ENABLE_OBJC_ARC = YES;
				CLANG_WARN_BLOCK_CAPTURE_AUTORELEASING = YES;
				CLANG_WARN_BOOL_CONVERSION = YES;
				CLANG_WARN_COMMA = YES;
				CLANG_WARN_CONSTANT_CONVERSION = YES;
				CLANG_WARN_DIRECT_OBJC_ISA_USAGE = YES_ERROR;
				CLANG_WARN_DOCUMENTATION_COMMENTS = YES;
				CLANG_WARN_EMPTY_BODY = YES;
				CLANG_WARN_ENUM_CONVERSION = YES;
				CLANG_WARN_INFINITE_RECURSION = YES;
				CLANG_WARN_INT_CONVERSION = YES;
				CLANG_WARN_NON_LITERAL_NULL_CONVERSION = YES;
				CLANG_WARN_OBJC_LITERAL_CONVERSION = YES;
				CLANG_WARN_OBJC_ROOT_CLASS = YES_ERROR;
				CLANG_WARN_RANGE_LOOP_ANALYSIS = YES;
				CLANG_WARN_STRICT_PROTOTYPES = YES;
				CLANG_WARN_SUSPICIOUS_MOVE = YES;
				CLANG_WARN_UNGUARDED_AVAILABILITY = YES_AGGRESSIVE;
				CLANG_WARN_UNREACHABLE_CODE = YES;
				CLANG_WARN__DUPLICATE_METHOD_MATCH = YES;
				CODE_SIGN_IDENTITY = "iPhone Developer";
				COPY_PHASE_STRIP = NO;
				DEBUG_INFORMATION_FORMAT = "dwarf-with-dsym";
				ENABLE_NS_ASSERTIONS = NO;
				ENABLE_STRICT_OBJC_MSGSEND = YES;
				GCC_C_LANGUAGE_STANDARD = gnu11;
				GCC_NO_COMMON_BLOCKS = YES;
				GCC_WARN_64_TO_32_BIT_CONVERSION = YES;
				GCC_WARN_ABOUT_RETURN_TYPE = YES_ERROR;
				GCC_WARN_UNDECLARED_SELECTOR = YES;
				GCC_WARN_UNINITIALIZED_AUTOS = YES_AGGRESSIVE;
				GCC_WARN_UNUSED_FUNCTION = YES;
				GCC_WARN_UNUSED_VARIABLE = YES;
				IPHONEOS_DEPLOYMENT_TARGET = 11.2;
				MTL_ENABLE_DEBUG_INFO = NO;
				SDKROOT = iphoneos;
				VALIDATE_PRODUCT = YES;
			};
			name = Release;
		};
		45EED7611FF67BF0002AE6A4 /* Debug */ = {
			isa = XCBuildConfiguration;
			buildSettings = {
				ASSETCATALOG_COMPILER_APPICON_NAME = AppIcon;
				CODE_SIGN_STYLE = Automatic;
				INFOPLIST_FILE = Vector/Info.plist;
				LD_RUNPATH_SEARCH_PATHS = "$(inherited) @executable_path/Frameworks";
				PRODUCT_BUNDLE_IDENTIFIER = com.yangsen.Test.Vector;
				PRODUCT_NAME = "$(TARGET_NAME)";
				TARGETED_DEVICE_FAMILY = "1,2";
			};
			name = Debug;
		};
		45EED7621FF67BF0002AE6A4 /* Release */ = {
			isa = XCBuildConfiguration;
			buildSettings = {
				ASSETCATALOG_COMPILER_APPICON_NAME = AppIcon;
				CODE_SIGN_STYLE = Automatic;
				INFOPLIST_FILE = Vector/Info.plist;
				LD_RUNPATH_SEARCH_PATHS = "$(inherited) @executable_path/Frameworks";
				PRODUCT_BUNDLE_IDENTIFIER = com.yangsen.Test.Vector;
				PRODUCT_NAME = "$(TARGET_NAME)";
				TARGETED_DEVICE_FAMILY = "1,2";
			};
			name = Release;
		};
		45EED7641FF67BF0002AE6A4 /* Debug */ = {
			isa = XCBuildConfiguration;
			buildSettings = {
				BUNDLE_LOADER = "$(TEST_HOST)";
				CODE_SIGN_STYLE = Automatic;
				INFOPLIST_FILE = VectorTests/Info.plist;
				LD_RUNPATH_SEARCH_PATHS = "$(inherited) @executable_path/Frameworks @loader_path/Frameworks";
				PRODUCT_BUNDLE_IDENTIFIER = com.yangsen.Test.VectorTests;
				PRODUCT_NAME = "$(TARGET_NAME)";
				TARGETED_DEVICE_FAMILY = "1,2";
				TEST_HOST = "$(BUILT_PRODUCTS_DIR)/Vector.app/Vector";
			};
			name = Debug;
		};
		45EED7651FF67BF0002AE6A4 /* Release */ = {
			isa = XCBuildConfiguration;
			buildSettings = {
				BUNDLE_LOADER = "$(TEST_HOST)";
				CODE_SIGN_STYLE = Automatic;
				INFOPLIST_FILE = VectorTests/Info.plist;
				LD_RUNPATH_SEARCH_PATHS = "$(inherited) @executable_path/Frameworks @loader_path/Frameworks";
				PRODUCT_BUNDLE_IDENTIFIER = com.yangsen.Test.VectorTests;
				PRODUCT_NAME = "$(TARGET_NAME)";
				TARGETED_DEVICE_FAMILY = "1,2";
				TEST_HOST = "$(BUILT_PRODUCTS_DIR)/Vector.app/Vector";
			};
			name = Release;
		};
		45EED7671FF67BF0002AE6A4 /* Debug */ = {
			isa = XCBuildConfiguration;
			buildSettings = {
				CODE_SIGN_STYLE = Automatic;
				INFOPLIST_FILE = VectorUITests/Info.plist;
				LD_RUNPATH_SEARCH_PATHS = "$(inherited) @executable_path/Frameworks @loader_path/Frameworks";
				PRODUCT_BUNDLE_IDENTIFIER = com.yangsen.Test.VectorUITests;
				PRODUCT_NAME = "$(TARGET_NAME)";
				TARGETED_DEVICE_FAMILY = "1,2";
				TEST_TARGET_NAME = Vector;
			};
			name = Debug;
		};
		45EED7681FF67BF0002AE6A4 /* Release */ = {
			isa = XCBuildConfiguration;
			buildSettings = {
				CODE_SIGN_STYLE = Automatic;
				INFOPLIST_FILE = VectorUITests/Info.plist;
				LD_RUNPATH_SEARCH_PATHS = "$(inherited) @executable_path/Frameworks @loader_path/Frameworks";
				PRODUCT_BUNDLE_IDENTIFIER = com.yangsen.Test.VectorUITests;
				PRODUCT_NAME = "$(TARGET_NAME)";
				TARGETED_DEVICE_FAMILY = "1,2";
				TEST_TARGET_NAME = Vector;
			};
			name = Release;
		};
/* End XCBuildConfiguration section */

/* Begin XCConfigurationList section */
		45EED72F1FF67BF0002AE6A4 /* Build configuration list for PBXProject "Vector" */ = {
			isa = XCConfigurationList;
			buildConfigurations = (
				45EED75E1FF67BF0002AE6A4 /* Debug */,
				45EED75F1FF67BF0002AE6A4 /* Release */,
			);
			defaultConfigurationIsVisible = 0;
			defaultConfigurationName = Release;
		};
		45EED7601FF67BF0002AE6A4 /* Build configuration list for PBXNativeTarget "Vector" */ = {
			isa = XCConfigurationList;
			buildConfigurations = (
				45EED7611FF67BF0002AE6A4 /* Debug */,
				45EED7621FF67BF0002AE6A4 /* Release */,
			);
			defaultConfigurationIsVisible = 0;
			defaultConfigurationName = Release;
		};
		45EED7631FF67BF0002AE6A4 /* Build configuration list for PBXNativeTarget "VectorTests" */ = {
			isa = XCConfigurationList;
			buildConfigurations = (
				45EED7641FF67BF0002AE6A4 /* Debug */,
				45EED7651FF67BF0002AE6A4 /* Release */,
			);
			defaultConfigurationIsVisible = 0;
			defaultConfigurationName = Release;
		};
		45EED7661FF67BF0002AE6A4 /* Build configuration list for PBXNativeTarget "VectorUITests" */ = {
			isa = XCConfigurationList;
			buildConfigurations = (
				45EED7671FF67BF0002AE6A4 /* Debug */,
				45EED7681FF67BF0002AE6A4 /* Release */,
			);
			defaultConfigurationIsVisible = 0;
			defaultConfigurationName = Release;
		};
/* End XCConfigurationList section */
	};
	rootObject = 45EED72C1FF67BF0002AE6A4 /* Project object */;
}
